
Microsoft Visual Studio Solution File, Format Version 12.00
# Visual Studio Version 17
VisualStudioVersion = 17.0.31903.59
MinimumVisualStudioVersion = 10.0.40219.1
Project("{2150E333-8FDC-42A3-9474-1A3956D46DE8}") = "src", "src", "{0C3DF535-5000-49C0-89CA-35AF7EA1E147}"
EndProject
Project("{FAE04EC0-301F-11D3-BF4B-00C04F79EFBC}") = "AuctionService", "src\AuctionService\AuctionService.csproj", "{987E5948-B74E-4FC1-B90E-616B802C0BD7}"
EndProject
Project("{FAE04EC0-301F-11D3-BF4B-00C04F79EFBC}") = "SearchService", "src\SearchService\SearchService.csproj", "{37508A5C-DEB7-458B-8598-30C6276443BC}"
EndProject
Global
	GlobalSection(SolutionConfigurationPlatforms) = preSolution
		Debug|Any CPU = Debug|Any CPU
		Release|Any CPU = Release|Any CPU
	EndGlobalSection
	GlobalSection(SolutionProperties) = preSolution
		HideSolutionNode = FALSE
	EndGlobalSection
	GlobalSection(ProjectConfigurationPlatforms) = postSolution
		{987E5948-B74E-4FC1-B90E-616B802C0BD7}.Debug|Any CPU.ActiveCfg = Debug|Any CPU
		{987E5948-B74E-4FC1-B90E-616B802C0BD7}.Debug|Any CPU.Build.0 = Debug|Any CPU
		{987E5948-B74E-4FC1-B90E-616B802C0BD7}.Release|Any CPU.ActiveCfg = Release|Any CPU
		{987E5948-B74E-4FC1-B90E-616B802C0BD7}.Release|Any CPU.Build.0 = Release|Any CPU
		{37508A5C-DEB7-458B-8598-30C6276443BC}.Debug|Any CPU.ActiveCfg = Debug|Any CPU
		{37508A5C-DEB7-458B-8598-30C6276443BC}.Debug|Any CPU.Build.0 = Debug|Any CPU
		{37508A5C-DEB7-458B-8598-30C6276443BC}.Release|Any CPU.ActiveCfg = Release|Any CPU
		{37508A5C-DEB7-458B-8598-30C6276443BC}.Release|Any CPU.Build.0 = Release|Any CPU
	EndGlobalSection
	GlobalSection(NestedProjects) = preSolution
		{987E5948-B74E-4FC1-B90E-616B802C0BD7} = {0C3DF535-5000-49C0-89CA-35AF7EA1E147}
		{37508A5C-DEB7-458B-8598-30C6276443BC} = {0C3DF535-5000-49C0-89CA-35AF7EA1E147}
	EndGlobalSection
EndGlobal
